
Microsoft Visual Studio Solution File, Format Version 12.00
# Visual Studio 15
VisualStudioVersion = 15.0.28307.539
MinimumVisualStudioVersion = 10.0.40219.1
Project("{FAE04EC0-301F-11D3-BF4B-00C04F79EFBC}") = "PDF2HTML", "PDF2HTML\PDF2HTML.csproj", "{A886B99F-06A8-4D81-BE75-3402B1EC4CB7}"
EndProject
Global
	GlobalSection(SolutionConfigurationPlatforms) = preSolution
		Debug|Any CPU = Debug|Any CPU
		Release|Any CPU = Release|Any CPU
	EndGlobalSection
	GlobalSection(ProjectConfigurationPlatforms) = postSolution
		{A886B99F-06A8-4D81-BE75-3402B1EC4CB7}.Debug|Any CPU.ActiveCfg = Debug|Any CPU
		{A886B99F-06A8-4D81-BE75-3402B1EC4CB7}.Debug|Any CPU.Build.0 = Debug|Any CPU
		{A886B99F-06A8-4D81-BE75-3402B1EC4CB7}.Release|Any CPU.ActiveCfg = Release|Any CPU
		{A886B99F-06A8-4D81-BE75-3402B1EC4CB7}.Release|Any CPU.Build.0 = Release|Any CPU
	EndGlobalSection
	GlobalSection(SolutionProperties) = preSolution
		HideSolutionNode = FALSE
	EndGlobalSection
	GlobalSection(ExtensibilityGlobals) = postSolution
		SolutionGuid = {C3E04F9A-FD4B-456D-89CF-517BB4ADAF75}
	EndGlobalSection
EndGlobal
